
Microsoft Visual Studio Solution File, Format Version 12.00
# Visual Studio Version 17
VisualStudioVersion = 17.9.34622.214
MinimumVisualStudioVersion = 10.0.40219.1
Project("{FAE04EC0-301F-11D3-BF4B-00C04F79EFBC}") = "CalculatorMauiApp", "CalculatorMauiApp\CalculatorMauiApp.csproj", "{AAB1056C-9C9F-4016-A639-7CC8C3709F03}"
EndProject
Global
	GlobalSection(SolutionConfigurationPlatforms) = preSolution
		Debug|Any CPU = Debug|Any CPU
		Release|Any CPU = Release|Any CPU
	EndGlobalSection
	GlobalSection(ProjectConfigurationPlatforms) = postSolution
		{AAB1056C-9C9F-4016-A639-7CC8C3709F03}.Debug|Any CPU.ActiveCfg = Debug|Any CPU
		{AAB1056C-9C9F-4016-A639-7CC8C3709F03}.Debug|Any CPU.Build.0 = Debug|Any CPU
		{AAB1056C-9C9F-4016-A639-7CC8C3709F03}.Debug|Any CPU.Deploy.0 = Debug|Any CPU
		{AAB1056C-9C9F-4016-A639-7CC8C3709F03}.Release|Any CPU.ActiveCfg = Release|Any CPU
		{AAB1056C-9C9F-4016-A639-7CC8C3709F03}.Release|Any CPU.Build.0 = Release|Any CPU
		{AAB1056C-9C9F-4016-A639-7CC8C3709F03}.Release|Any CPU.Deploy.0 = Release|Any CPU
	EndGlobalSection
	GlobalSection(SolutionProperties) = preSolution
		HideSolutionNode = FALSE
	EndGlobalSection
	GlobalSection(ExtensibilityGlobals) = postSolution
		SolutionGuid = {CF8802F6-DBF4-4268-A447-E0566A13AF55}
	EndGlobalSection
EndGlobal
